{
  "version": 4,
  "terraform_version": "1.9.2",
  "serial": 603,
  "lineage": "1eae7e0e-9ff2-123d-0fbb-ca0dbc9d93b7",
  "outputs": {
    "api_gateway_invoke_url": {
      "value": "https://o833ptzi2i.execute-api.us-east-1.amazonaws.com/",
      "type": "string"
    }
  },
  "resources": [
    {
      "module": "module.api_gateway",
      "mode": "data",
      "type": "aws_caller_identity",
      "name": "current",
      "provider": "provider[\"registry.terraform.io/hashicorp/aws\"]",
      "instances": [
        {
          "schema_version": 0,
          "attributes": {
            "account_id": "969446871231",
            "arn": "arn:aws:iam::969446871231:user/terraform-user",
            "id": "969446871231",
            "user_id": "AIDA6DN4JKC7X3IANSUYC"
          },
          "sensitive_attributes": []
        }
      ]
    },
    {
      "module": "module.api_gateway",
      "mode": "managed",
      "type": "aws_api_gateway_deployment",
      "name": "sport_data_api_deployment",
      "provider": "provider[\"registry.terraform.io/hashicorp/aws\"]",
      "instances": [
        {
          "schema_version": 0,
          "attributes": {
            "created_date": "2025-01-14T08:26:18Z",
            "description": "",
            "execution_arn": "arn:aws:execute-api:us-east-1:969446871231:o833ptzi2i/",
            "id": "cryt0q",
            "invoke_url": "https://o833ptzi2i.execute-api.us-east-1.amazonaws.com/",
            "rest_api_id": "o833ptzi2i",
            "stage_description": null,
            "stage_name": null,
            "triggers": null,
            "variables": null
          },
          "sensitive_attributes": [],
          "private": "bnVsbA==",
          "dependencies": [
            "module.api_gateway.aws_api_gateway_integration.lambda_integration",
            "module.api_gateway.aws_api_gateway_integration_response.sport_data_integration_response",
            "module.api_gateway.aws_api_gateway_method.sport_data_method",
            "module.api_gateway.aws_api_gateway_method_response.response_200",
            "module.api_gateway.aws_api_gateway_resource.sport_data_resource",
            "module.api_gateway.aws_api_gateway_rest_api.sport_data_api",
            "module.iam_role.aws_iam_role.lambda_role",
            "module.lambda.aws_lambda_function.sport_lambda_function",
            "module.lambda.data.archive_file.sport_zip"
          ]
        }
      ]
    },
    {
      "module": "module.api_gateway",
      "mode": "managed",
      "type": "aws_api_gateway_integration",
      "name": "lambda_integration",
      "provider": "provider[\"registry.terraform.io/hashicorp/aws\"]",
      "instances": [
        {
          "schema_version": 0,
          "attributes": {
            "cache_key_parameters": null,
            "cache_namespace": "l5v9hk",
            "connection_id": "",
            "connection_type": "INTERNET",
            "content_handling": "",
            "credentials": "",
            "http_method": "GET",
            "id": "agi-o833ptzi2i-l5v9hk-GET",
            "integration_http_method": "POST",
            "passthrough_behavior": "WHEN_NO_MATCH",
            "request_parameters": null,
            "request_templates": null,
            "resource_id": "l5v9hk",
            "rest_api_id": "o833ptzi2i",
            "timeout_milliseconds": 29000,
            "tls_config": [],
            "type": "AWS_PROXY",
            "uri": "arn:aws:apigateway:us-east-1:lambda:path/2015-03-31/functions/arn:aws:lambda:us-east-1:969446871231:function:nba-data-function/invocations"
          },
          "sensitive_attributes": [],
          "private": "bnVsbA==",
          "dependencies": [
            "module.api_gateway.aws_api_gateway_method.sport_data_method",
            "module.api_gateway.aws_api_gateway_resource.sport_data_resource",
            "module.api_gateway.aws_api_gateway_rest_api.sport_data_api",
            "module.iam_role.aws_iam_role.lambda_role",
            "module.lambda.aws_lambda_function.sport_lambda_function",
            "module.lambda.data.archive_file.sport_zip"
          ]
        }
      ]
    },
    {
      "module": "module.api_gateway",
      "mode": "managed",
      "type": "aws_api_gateway_integration_response",
      "name": "sport_data_integration_response",
      "provider": "provider[\"registry.terraform.io/hashicorp/aws\"]",
      "instances": [
        {
          "schema_version": 0,
          "attributes": {
            "content_handling": "",
            "http_method": "GET",
            "id": "agir-o833ptzi2i-l5v9hk-GET-200",
            "resource_id": "l5v9hk",
            "response_parameters": null,
            "response_templates": null,
            "rest_api_id": "o833ptzi2i",
            "selection_pattern": "",
            "status_code": "200"
          },
          "sensitive_attributes": [],
          "private": "bnVsbA==",
          "dependencies": [
            "module.api_gateway.aws_api_gateway_integration.lambda_integration",
            "module.api_gateway.aws_api_gateway_method.sport_data_method",
            "module.api_gateway.aws_api_gateway_method_response.response_200",
            "module.api_gateway.aws_api_gateway_resource.sport_data_resource",
            "module.api_gateway.aws_api_gateway_rest_api.sport_data_api",
            "module.iam_role.aws_iam_role.lambda_role",
            "module.lambda.aws_lambda_function.sport_lambda_function",
            "module.lambda.data.archive_file.sport_zip"
          ]
        }
      ]
    },
    {
      "module": "module.api_gateway",
      "mode": "managed",
      "type": "aws_api_gateway_method",
      "name": "sport_data_method",
      "provider": "provider[\"registry.terraform.io/hashicorp/aws\"]",
      "instances": [
        {
          "schema_version": 0,
          "attributes": {
            "api_key_required": false,
            "authorization": "NONE",
            "authorization_scopes": null,
            "authorizer_id": null,
            "http_method": "GET",
            "id": "agm-o833ptzi2i-l5v9hk-GET",
            "operation_name": null,
            "request_models": null,
            "request_parameters": null,
            "request_validator_id": null,
            "resource_id": "l5v9hk",
            "rest_api_id": "o833ptzi2i"
          },
          "sensitive_attributes": [],
          "private": "bnVsbA==",
          "dependencies": [
            "module.api_gateway.aws_api_gateway_resource.sport_data_resource",
            "module.api_gateway.aws_api_gateway_rest_api.sport_data_api"
          ]
        }
      ]
    },
    {
      "module": "module.api_gateway",
      "mode": "managed",
      "type": "aws_api_gateway_method_response",
      "name": "response_200",
      "provider": "provider[\"registry.terraform.io/hashicorp/aws\"]",
      "instances": [
        {
          "schema_version": 0,
          "attributes": {
            "http_method": "GET",
            "id": "agmr-o833ptzi2i-l5v9hk-GET-200",
            "resource_id": "l5v9hk",
            "response_models": null,
            "response_parameters": null,
            "rest_api_id": "o833ptzi2i",
            "status_code": "200"
          },
          "sensitive_attributes": [],
          "private": "bnVsbA==",
          "dependencies": [
            "module.api_gateway.aws_api_gateway_method.sport_data_method",
            "module.api_gateway.aws_api_gateway_resource.sport_data_resource",
            "module.api_gateway.aws_api_gateway_rest_api.sport_data_api"
          ]
        }
      ]
    },
    {
      "module": "module.api_gateway",
      "mode": "managed",
      "type": "aws_api_gateway_resource",
      "name": "sport_data_resource",
      "provider": "provider[\"registry.terraform.io/hashicorp/aws\"]",
      "instances": [
        {
          "schema_version": 0,
          "attributes": {
            "id": "l5v9hk",
            "parent_id": "vvl5rtkiji",
            "path": "/data",
            "path_part": "data",
            "rest_api_id": "o833ptzi2i"
          },
          "sensitive_attributes": [],
          "private": "bnVsbA==",
          "dependencies": [
            "module.api_gateway.aws_api_gateway_rest_api.sport_data_api"
          ]
        }
      ]
    },
    {
      "module": "module.api_gateway",
      "mode": "managed",
      "type": "aws_api_gateway_rest_api",
      "name": "sport_data_api",
      "provider": "provider[\"registry.terraform.io/hashicorp/aws\"]",
      "instances": [
        {
          "schema_version": 0,
          "attributes": {
            "api_key_source": "HEADER",
            "arn": "arn:aws:apigateway:us-east-1::/restapis/o833ptzi2i",
            "binary_media_types": [],
            "body": null,
            "created_date": "2025-01-14T08:26:00Z",
            "description": "API Gateway for sport data lake",
            "disable_execute_api_endpoint": false,
            "endpoint_configuration": [
              {
                "types": [
                  "EDGE"
                ],
                "vpc_endpoint_ids": []
              }
            ],
            "execution_arn": "arn:aws:execute-api:us-east-1:969446871231:o833ptzi2i",
            "fail_on_warnings": null,
            "id": "o833ptzi2i",
            "minimum_compression_size": -1,
            "name": "sport_data_api",
            "parameters": null,
            "policy": "",
            "put_rest_api_mode": null,
            "root_resource_id": "vvl5rtkiji",
            "tags": null,
            "tags_all": {}
          },
          "sensitive_attributes": [],
          "private": "bnVsbA=="
        }
      ]
    },
    {
      "module": "module.api_gateway",
      "mode": "managed",
      "type": "aws_api_gateway_stage",
      "name": "sport_data_stage",
      "provider": "provider[\"registry.terraform.io/hashicorp/aws\"]",
      "instances": [
        {
          "schema_version": 0,
          "attributes": {
            "access_log_settings": [],
            "arn": "arn:aws:apigateway:us-east-1::/restapis/o833ptzi2i/stages/dev",
            "cache_cluster_enabled": false,
            "cache_cluster_size": "",
            "canary_settings": [],
            "client_certificate_id": "",
            "deployment_id": "cryt0q",
            "description": "",
            "documentation_version": "",
            "execution_arn": "arn:aws:execute-api:us-east-1:969446871231:o833ptzi2i/dev",
            "id": "ags-o833ptzi2i-dev",
            "invoke_url": "https://o833ptzi2i.execute-api.us-east-1.amazonaws.com/dev",
            "rest_api_id": "o833ptzi2i",
            "stage_name": "dev",
            "tags": null,
            "tags_all": {},
            "variables": null,
            "web_acl_arn": "",
            "xray_tracing_enabled": false
          },
          "sensitive_attributes": [],
          "private": "bnVsbA==",
          "dependencies": [
            "module.api_gateway.aws_api_gateway_deployment.sport_data_api_deployment",
            "module.api_gateway.aws_api_gateway_integration.lambda_integration",
            "module.api_gateway.aws_api_gateway_integration_response.sport_data_integration_response",
            "module.api_gateway.aws_api_gateway_method.sport_data_method",
            "module.api_gateway.aws_api_gateway_method_response.response_200",
            "module.api_gateway.aws_api_gateway_resource.sport_data_resource",
            "module.api_gateway.aws_api_gateway_rest_api.sport_data_api",
            "module.iam_role.aws_iam_role.lambda_role",
            "module.lambda.aws_lambda_function.sport_lambda_function",
            "module.lambda.data.archive_file.sport_zip"
          ]
        }
      ]
    },
    {
      "module": "module.api_gateway",
      "mode": "managed",
      "type": "aws_lambda_permission",
      "name": "api_gateway_permission",
      "provider": "provider[\"registry.terraform.io/hashicorp/aws\"]",
      "instances": [
        {
          "schema_version": 0,
          "attributes": {
            "action": "lambda:InvokeFunction",
            "event_source_token": null,
            "function_name": "nba-data-function",
            "function_url_auth_type": null,
            "id": "AllowAPIGatewayInvoke",
            "principal": "apigateway.amazonaws.com",
            "principal_org_id": null,
            "qualifier": "",
            "source_account": null,
            "source_arn": "arn:aws:execute-api:us-east-1:969446871231:o833ptzi2i/*/GET/data",
            "statement_id": "AllowAPIGatewayInvoke",
            "statement_id_prefix": ""
          },
          "sensitive_attributes": [],
          "private": "bnVsbA==",
          "dependencies": [
            "module.api_gateway.aws_api_gateway_method.sport_data_method",
            "module.api_gateway.aws_api_gateway_resource.sport_data_resource",
            "module.api_gateway.aws_api_gateway_rest_api.sport_data_api",
            "module.api_gateway.data.aws_caller_identity.current",
            "module.iam_role.aws_iam_role.lambda_role",
            "module.lambda.aws_lambda_function.sport_lambda_function",
            "module.lambda.data.archive_file.sport_zip"
          ]
        }
      ]
    },
    {
      "module": "module.athena",
      "mode": "managed",
      "type": "aws_athena_workgroup",
      "name": "athena_analysis_workgroup",
      "provider": "provider[\"registry.terraform.io/hashicorp/aws\"]",
      "instances": [
        {
          "schema_version": 0,
          "attributes": {
            "arn": "arn:aws:athena:us-east-1:969446871231:workgroup/athena-nba-workgroup",
            "configuration": [
              {
                "bytes_scanned_cutoff_per_query": 0,
                "enforce_workgroup_configuration": true,
                "engine_version": [
                  {
                    "effective_engine_version": "Athena engine version 3",
                    "selected_engine_version": "AUTO"
                  }
                ],
                "execution_role": "",
                "publish_cloudwatch_metrics_enabled": true,
                "requester_pays_enabled": false,
                "result_configuration": [
                  {
                    "acl_configuration": [],
                    "encryption_configuration": [],
                    "expected_bucket_owner": "",
                    "output_location": "s3://gb-sports-analytics-data-lake/athena-results"
                  }
                ]
              }
            ],
            "description": "",
            "force_destroy": true,
            "id": "athena-nba-workgroup",
            "name": "athena-nba-workgroup",
            "state": "ENABLED",
            "tags": null,
            "tags_all": {}
          },
          "sensitive_attributes": [],
          "private": "bnVsbA==",
          "dependencies": [
            "module.s3.aws_s3_bucket.sport_data_lake_bucket"
          ]
        }
      ]
    },
    {
      "module": "module.glue",
      "mode": "managed",
      "type": "aws_glue_catalog_database",
      "name": "glue_database",
      "provider": "provider[\"registry.terraform.io/hashicorp/aws\"]",
      "instances": [
        {
          "schema_version": 0,
          "attributes": {
            "arn": "arn:aws:glue:us-east-1:969446871231:database/nba_data_lake",
            "catalog_id": "969446871231",
            "create_table_default_permission": [
              {
                "permissions": [
                  "ALL"
                ],
                "principal": [
                  {
                    "data_lake_principal_identifier": "IAM_ALLOWED_PRINCIPALS"
                  }
                ]
              }
            ],
            "description": "",
            "id": "969446871231:nba_data_lake",
            "location_uri": "",
            "name": "nba_data_lake",
            "parameters": null,
            "tags": null,
            "tags_all": {},
            "target_database": []
          },
          "sensitive_attributes": [],
          "private": "bnVsbA=="
        }
      ]
    },
    {
      "module": "module.glue",
      "mode": "managed",
      "type": "aws_glue_catalog_table",
      "name": "glue_table",
      "provider": "provider[\"registry.terraform.io/hashicorp/aws\"]",
      "instances": [
        {
          "schema_version": 0,
          "attributes": {
            "arn": "arn:aws:glue:us-east-1:969446871231:table/nba_data_lake/nba_players",
            "catalog_id": "969446871231",
            "database_name": "nba_data_lake",
            "description": "",
            "id": "969446871231:nba_data_lake:nba_players",
            "name": "nba_players",
            "owner": "",
            "parameters": {
              "classification": "json",
              "typeOfData": "file"
            },
            "partition_index": null,
            "partition_keys": [],
            "retention": 0,
            "storage_descriptor": [
              {
                "bucket_columns": null,
                "columns": [
                  {
                    "comment": "",
                    "name": "playerid",
                    "parameters": null,
                    "type": "int"
                  },
                  {
                    "comment": "",
                    "name": "firstname",
                    "parameters": null,
                    "type": "string"
                  },
                  {
                    "comment": "",
                    "name": "lastname",
                    "parameters": null,
                    "type": "string"
                  },
                  {
                    "comment": "",
                    "name": "position",
                    "parameters": null,
                    "type": "string"
                  },
                  {
                    "comment": "",
                    "name": "points",
                    "parameters": null,
                    "type": "int"
                  },
                  {
                    "comment": "",
                    "name": "team",
                    "parameters": null,
                    "type": "string"
                  }
                ],
                "compressed": false,
                "input_format": "org.apache.hadoop.mapred.TextInputFormat",
                "location": "s3://gb-sports-analytics-data-lake/raw-data/",
                "number_of_buckets": 0,
                "output_format": "org.apache.hadoop.hive.ql.io.HiveIgnoreKeyTextOutputFormat",
                "parameters": null,
                "schema_reference": [],
                "ser_de_info": [
                  {
                    "name": "",
                    "parameters": null,
                    "serialization_library": "org.openx.data.jsonserde.JsonSerDe"
                  }
                ],
                "skewed_info": [],
                "sort_columns": [],
                "stored_as_sub_directories": false
              }
            ],
            "table_type": "EXTERNAL_TABLE",
            "target_table": [],
            "view_expanded_text": "",
            "view_original_text": ""
          },
          "sensitive_attributes": [],
          "private": "bnVsbA==",
          "dependencies": [
            "module.glue.aws_glue_catalog_database.glue_database",
            "module.s3.aws_s3_bucket.sport_data_lake_bucket"
          ]
        }
      ]
    },
    {
      "module": "module.glue",
      "mode": "managed",
      "type": "aws_glue_crawler",
      "name": "sport_data_crawler",
      "provider": "provider[\"registry.terraform.io/hashicorp/aws\"]",
      "instances": [
        {
          "schema_version": 0,
          "attributes": {
            "arn": "arn:aws:glue:us-east-1:969446871231:crawler/nba-crawler",
            "catalog_target": [],
            "classifiers": null,
            "configuration": "",
            "database_name": "nba_data_lake",
            "delta_target": [],
            "description": "",
            "dynamodb_target": [],
            "id": "nba-crawler",
            "jdbc_target": [],
            "lake_formation_configuration": [
              {
                "account_id": "",
                "use_lake_formation_credentials": false
              }
            ],
            "lineage_configuration": [
              {
                "crawler_lineage_settings": "DISABLE"
              }
            ],
            "mongodb_target": [],
            "name": "nba-crawler",
            "recrawl_policy": [
              {
                "recrawl_behavior": "CRAWL_EVERYTHING"
              }
            ],
            "role": "glue_crawler_role",
            "s3_target": [
              {
                "connection_name": "",
                "dlq_event_queue_arn": "",
                "event_queue_arn": "",
                "exclusions": null,
                "path": "s3://gb-sports-analytics-data-lake/raw-data/",
                "sample_size": 0
              }
            ],
            "schedule": "",
            "schema_change_policy": [
              {
                "delete_behavior": "DEPRECATE_IN_DATABASE",
                "update_behavior": "UPDATE_IN_DATABASE"
              }
            ],
            "security_configuration": "",
            "table_prefix": "",
            "tags": null,
            "tags_all": {}
          },
          "sensitive_attributes": [],
          "private": "bnVsbA==",
          "dependencies": [
            "module.glue.aws_glue_catalog_database.glue_database",
            "module.iam_role.aws_iam_role.glue_crawler_role",
            "module.s3.aws_s3_bucket.sport_data_lake_bucket"
          ]
        }
      ]
    },
    {
      "module": "module.iam_role",
      "mode": "data",
      "type": "aws_caller_identity",
      "name": "current",
      "provider": "provider[\"registry.terraform.io/hashicorp/aws\"]",
      "instances": [
        {
          "schema_version": 0,
          "attributes": {
            "account_id": "969446871231",
            "arn": "arn:aws:iam::969446871231:user/terraform-user",
            "id": "969446871231",
            "user_id": "AIDA6DN4JKC7X3IANSUYC"
          },
          "sensitive_attributes": []
        }
      ]
    },
    {
      "module": "module.iam_role",
      "mode": "managed",
      "type": "aws_iam_policy",
      "name": "glue_crawler_policy",
      "provider": "provider[\"registry.terraform.io/hashicorp/aws\"]",
      "instances": [
        {
          "schema_version": 0,
          "attributes": {
            "arn": "arn:aws:iam::969446871231:policy/glue_crawler-policy",
            "description": "policy to access s3",
            "id": "arn:aws:iam::969446871231:policy/glue_crawler-policy",
            "name": "glue_crawler-policy",
            "name_prefix": "",
            "path": "/",
            "policy": "{\"Statement\":[{\"Action\":[\"s3:GetObject\",\"s3:PutObject\",\"s3:DeleteObject\",\"s3:ListBucket\"],\"Effect\":\"Allow\",\"Resource\":[\"arn:aws:s3:::gb-sports-analytics-data-lake/raw-data/*\",\"arn:aws:s3:::gb-sports-analytics-data-lake\"]}],\"Version\":\"2012-10-17\"}",
            "policy_id": "ANPA6DN4JKC76WDGESLZN",
            "tags": null,
            "tags_all": {}
          },
          "sensitive_attributes": [],
          "private": "bnVsbA==",
          "dependencies": [
            "module.s3.aws_s3_bucket.sport_data_lake_bucket"
          ]
        }
      ]
    },
    {
      "module": "module.iam_role",
      "mode": "managed",
      "type": "aws_iam_policy",
      "name": "lambda_cloudwatch_policy",
      "provider": "provider[\"registry.terraform.io/hashicorp/aws\"]",
      "instances": [
        {
          "schema_version": 0,
          "attributes": {
            "arn": "arn:aws:iam::969446871231:policy/lambda_cloudwatch_policy",
            "description": "Policy for Lambda to access CloudWatch Logs",
            "id": "arn:aws:iam::969446871231:policy/lambda_cloudwatch_policy",
            "name": "lambda_cloudwatch_policy",
            "name_prefix": "",
            "path": "/",
            "policy": "{\"Statement\":[{\"Action\":[\"logs:CreateLogGroup\",\"logs:CreateLogStream\",\"logs:PutLogEvents\"],\"Effect\":\"Allow\",\"Resource\":\"arn:aws:logs:us-east-1:969446871231:*\"}],\"Version\":\"2012-10-17\"}",
            "policy_id": "ANPA6DN4JKC74HYQBUVDY",
            "tags": null,
            "tags_all": {}
          },
          "sensitive_attributes": [],
          "private": "bnVsbA==",
          "dependencies": [
            "module.iam_role.data.aws_caller_identity.current"
          ]
        }
      ]
    },
    {
      "module": "module.iam_role",
      "mode": "managed",
      "type": "aws_iam_policy",
      "name": "lambda_s3_policy",
      "provider": "provider[\"registry.terraform.io/hashicorp/aws\"]",
      "instances": [
        {
          "schema_version": 0,
          "attributes": {
            "arn": "arn:aws:iam::969446871231:policy/lambda_s3_policy",
            "description": "Policy for Lambda to access s3",
            "id": "arn:aws:iam::969446871231:policy/lambda_s3_policy",
            "name": "lambda_s3_policy",
            "name_prefix": "",
            "path": "/",
            "policy": "{\"Statement\":[{\"Action\":[\"s3:GetObject\",\"s3:PutObject\",\"s3:DeleteObject\",\"s3:ListBucket\"],\"Effect\":\"Allow\",\"Resource\":[\"arn:aws:s3:::gb-sports-analytics-data-lake/raw-data/*\"]}],\"Version\":\"2012-10-17\"}",
            "policy_id": "ANPA6DN4JKC7YAAA7IBOV",
            "tags": null,
            "tags_all": {}
          },
          "sensitive_attributes": [],
          "private": "bnVsbA==",
          "dependencies": [
            "module.s3.aws_s3_bucket.sport_data_lake_bucket"
          ]
        }
      ]
    },
    {
      "module": "module.iam_role",
      "mode": "managed",
      "type": "aws_iam_role",
      "name": "glue_crawler_role",
      "provider": "provider[\"registry.terraform.io/hashicorp/aws\"]",
      "instances": [
        {
          "schema_version": 0,
          "attributes": {
            "arn": "arn:aws:iam::969446871231:role/glue_crawler_role",
            "assume_role_policy": "{\"Statement\":[{\"Action\":\"sts:AssumeRole\",\"Effect\":\"Allow\",\"Principal\":{\"Service\":[\"glue.amazonaws.com\"]}}],\"Version\":\"2012-10-17\"}",
            "create_date": "2025-01-14T08:26:01Z",
            "description": "",
            "force_detach_policies": false,
            "id": "glue_crawler_role",
            "inline_policy": [],
            "managed_policy_arns": [],
            "max_session_duration": 3600,
            "name": "glue_crawler_role",
            "name_prefix": "",
            "path": "/",
            "permissions_boundary": null,
            "role_last_used": [
              {
                "last_used_date": "",
                "region": ""
              }
            ],
            "tags": null,
            "tags_all": {},
            "unique_id": "AROA6DN4JKC7UJRFRRUFT"
          },
          "sensitive_attributes": [],
          "private": "bnVsbA=="
        }
      ]
    },
    {
      "module": "module.iam_role",
      "mode": "managed",
      "type": "aws_iam_role",
      "name": "lambda_role",
      "provider": "provider[\"registry.terraform.io/hashicorp/aws\"]",
      "instances": [
        {
          "schema_version": 0,
          "attributes": {
            "arn": "arn:aws:iam::969446871231:role/lambda_role",
            "assume_role_policy": "{\"Statement\":[{\"Action\":\"sts:AssumeRole\",\"Effect\":\"Allow\",\"Principal\":{\"Service\":\"lambda.amazonaws.com\"}}],\"Version\":\"2012-10-17\"}",
            "create_date": "2025-01-14T08:26:01Z",
            "description": "",
            "force_detach_policies": false,
            "id": "lambda_role",
            "inline_policy": [],
            "managed_policy_arns": [],
            "max_session_duration": 3600,
            "name": "lambda_role",
            "name_prefix": "",
            "path": "/",
            "permissions_boundary": null,
            "role_last_used": [
              {
                "last_used_date": "",
                "region": ""
              }
            ],
            "tags": null,
            "tags_all": {},
            "unique_id": "AROA6DN4JKC7ZDBQEVYRX"
          },
          "sensitive_attributes": [],
          "private": "bnVsbA=="
        }
      ]
    },
    {
      "module": "module.iam_role",
      "mode": "managed",
      "type": "aws_iam_role_policy_attachment",
      "name": "attach_cloudwatch_policy",
      "provider": "provider[\"registry.terraform.io/hashicorp/aws\"]",
      "instances": [
        {
          "schema_version": 0,
          "attributes": {
            "id": "lambda_role-20250114082602337600000001",
            "policy_arn": "arn:aws:iam::969446871231:policy/lambda_cloudwatch_policy",
            "role": "lambda_role"
          },
          "sensitive_attributes": [],
          "private": "bnVsbA==",
          "dependencies": [
            "module.iam_role.aws_iam_policy.lambda_cloudwatch_policy",
            "module.iam_role.aws_iam_role.lambda_role",
            "module.iam_role.data.aws_caller_identity.current"
          ]
        }
      ]
    },
    {
      "module": "module.iam_role",
      "mode": "managed",
      "type": "aws_iam_role_policy_attachment",
      "name": "attach_s3_policy",
      "provider": "provider[\"registry.terraform.io/hashicorp/aws\"]",
      "instances": [
        {
          "schema_version": 0,
          "attributes": {
            "id": "lambda_role-20250114082607245400000004",
            "policy_arn": "arn:aws:iam::969446871231:policy/lambda_s3_policy",
            "role": "lambda_role"
          },
          "sensitive_attributes": [],
          "private": "bnVsbA==",
          "dependencies": [
            "module.iam_role.aws_iam_policy.lambda_s3_policy",
            "module.iam_role.aws_iam_role.lambda_role",
            "module.s3.aws_s3_bucket.sport_data_lake_bucket"
          ]
        }
      ]
    },
    {
      "module": "module.iam_role",
      "mode": "managed",
      "type": "aws_iam_role_policy_attachment",
      "name": "glue_crawler_policy_attachment",
      "provider": "provider[\"registry.terraform.io/hashicorp/aws\"]",
      "instances": [
        {
          "schema_version": 0,
          "attributes": {
            "id": "glue_crawler_role-20250114082607119100000003",
            "policy_arn": "arn:aws:iam::969446871231:policy/glue_crawler-policy",
            "role": "glue_crawler_role"
          },
          "sensitive_attributes": [],
          "private": "bnVsbA==",
          "dependencies": [
            "module.iam_role.aws_iam_policy.glue_crawler_policy",
            "module.iam_role.aws_iam_role.glue_crawler_role",
            "module.s3.aws_s3_bucket.sport_data_lake_bucket"
          ]
        }
      ]
    },
    {
      "module": "module.iam_role",
      "mode": "managed",
      "type": "aws_iam_role_policy_attachment",
      "name": "glue_service_role_attachment",
      "provider": "provider[\"registry.terraform.io/hashicorp/aws\"]",
      "instances": [
        {
          "schema_version": 0,
          "attributes": {
            "id": "glue_crawler_role-20250114082602358900000002",
            "policy_arn": "arn:aws:iam::aws:policy/service-role/AWSGlueServiceRole",
            "role": "glue_crawler_role"
          },
          "sensitive_attributes": [],
          "private": "bnVsbA==",
          "dependencies": [
            "module.iam_role.aws_iam_role.glue_crawler_role"
          ]
        }
      ]
    },
    {
      "module": "module.lambda",
      "mode": "data",
      "type": "archive_file",
      "name": "sport_zip",
      "provider": "provider[\"registry.terraform.io/hashicorp/archive\"]",
      "instances": [
        {
          "schema_version": 0,
          "attributes": {
            "exclude_symlink_directories": null,
            "excludes": null,
            "id": "13bc1f1338a2c7f48073871eb54d2044a59f1a05",
            "output_base64sha256": "gLd5qr8pJRZHXn3mtIZlM4WvHPRKlrglCyKCgI1Vht8=",
            "output_base64sha512": "Y+DCEBMzJSnN0+SBW0WsiBYMYrNUoLvfsQVqkjMAhRIKfgXpzuUJk73xp6R2nLNlzRAdqEPMt3GZ7h+evkzC9Q==",
            "output_file_mode": null,
            "output_md5": "d4f6a8c03c07f2e5319ec64b59d49627",
            "output_path": "sport.zip",
            "output_sha": "13bc1f1338a2c7f48073871eb54d2044a59f1a05",
            "output_sha256": "80b779aabf292516475e7de6b486653385af1cf44a96b8250b2282808d5586df",
            "output_sha512": "63e0c21013332529cdd3e4815b45ac88160c62b354a0bbdfb1056a92330085120a7e05e9cee50993bdf1a7a4769cb365cd101da843ccb77199ee1f9ebe4cc2f5",
            "output_size": 1089,
            "source": [],
            "source_content": null,
            "source_content_filename": null,
            "source_dir": "src",
            "source_file": null,
            "type": "zip"
          },
          "sensitive_attributes": []
        }
      ]
    },
    {
      "module": "module.lambda",
      "mode": "managed",
      "type": "aws_lambda_function",
      "name": "sport_lambda_function",
      "provider": "provider[\"registry.terraform.io/hashicorp/aws\"]",
      "instances": [
        {
          "schema_version": 0,
          "attributes": {
            "architectures": [
              "x86_64"
            ],
            "arn": "arn:aws:lambda:us-east-1:969446871231:function:nba-data-function",
            "code_signing_config_arn": "",
            "dead_letter_config": [],
            "description": "",
            "environment": [
              {
                "variables": {
                  "BUCKET_NAME": "gb-sports-analytics-data-lake",
                  "SPORTSDATA_API_KEY": "7259e10284c7431fa11128bbd419ce6e"
                }
              }
            ],
            "ephemeral_storage": [
              {
                "size": 512
              }
            ],
            "file_system_config": [],
            "filename": "sport.zip",
            "function_name": "nba-data-function",
            "handler": "sport.lambda_handler",
            "id": "nba-data-function",
            "image_config": [],
            "image_uri": "",
            "invoke_arn": "arn:aws:apigateway:us-east-1:lambda:path/2015-03-31/functions/arn:aws:lambda:us-east-1:969446871231:function:nba-data-function/invocations",
            "kms_key_arn": "",
            "last_modified": "2025-01-14T08:26:09.240+0000",
            "layers": null,
            "memory_size": 128,
            "package_type": "Zip",
            "publish": false,
            "qualified_arn": "arn:aws:lambda:us-east-1:969446871231:function:nba-data-function:$LATEST",
            "qualified_invoke_arn": "arn:aws:apigateway:us-east-1:lambda:path/2015-03-31/functions/arn:aws:lambda:us-east-1:969446871231:function:nba-data-function:$LATEST/invocations",
            "replace_security_groups_on_destroy": null,
            "replacement_security_group_ids": null,
            "reserved_concurrent_executions": -1,
            "role": "arn:aws:iam::969446871231:role/lambda_role",
            "runtime": "python3.8",
            "s3_bucket": null,
            "s3_key": null,
            "s3_object_version": null,
            "signing_job_arn": "",
            "signing_profile_version_arn": "",
            "skip_destroy": false,
            "snap_start": [],
            "source_code_hash": "gLd5qr8pJRZHXn3mtIZlM4WvHPRKlrglCyKCgI1Vht8=",
            "source_code_size": 1089,
            "tags": null,
            "tags_all": {},
            "timeout": 5,
            "timeouts": null,
            "tracing_config": [
              {
                "mode": "PassThrough"
              }
            ],
            "version": "$LATEST",
            "vpc_config": []
          },
          "sensitive_attributes": [],
          "private": "eyJlMmJmYjczMC1lY2FhLTExZTYtOGY4OC0zNDM2M2JjN2M0YzAiOnsiY3JlYXRlIjo2MDAwMDAwMDAwMDAsImRlbGV0ZSI6NjAwMDAwMDAwMDAwLCJ1cGRhdGUiOjYwMDAwMDAwMDAwMH19",
          "dependencies": [
            "module.iam_role.aws_iam_role.lambda_role",
            "module.lambda.data.archive_file.sport_zip"
          ]
        }
      ]
    },
    {
      "module": "module.s3",
      "mode": "managed",
      "type": "aws_s3_bucket",
      "name": "sport_data_lake_bucket",
      "provider": "provider[\"registry.terraform.io/hashicorp/aws\"]",
      "instances": [
        {
          "schema_version": 0,
          "attributes": {
            "acceleration_status": "",
            "acl": null,
            "arn": "arn:aws:s3:::gb-sports-analytics-data-lake",
            "bucket": "gb-sports-analytics-data-lake",
            "bucket_domain_name": "gb-sports-analytics-data-lake.s3.amazonaws.com",
            "bucket_prefix": "",
            "bucket_regional_domain_name": "gb-sports-analytics-data-lake.s3.amazonaws.com",
            "cors_rule": [],
            "force_destroy": true,
            "grant": [
              {
                "id": "9c09a1d98844ce8b29972183523d7cbc00ff399a56d2ca477a33eb96e7ec9a49",
                "permissions": [
                  "FULL_CONTROL"
                ],
                "type": "CanonicalUser",
                "uri": ""
              }
            ],
            "hosted_zone_id": "Z3AQBSTGFYJSTF",
            "id": "gb-sports-analytics-data-lake",
            "lifecycle_rule": [],
            "logging": [],
            "object_lock_configuration": [],
            "object_lock_enabled": false,
            "policy": "",
            "region": "us-east-1",
            "replication_configuration": [],
            "request_payer": "BucketOwner",
            "server_side_encryption_configuration": [
              {
                "rule": [
                  {
                    "apply_server_side_encryption_by_default": [
                      {
                        "kms_master_key_id": "",
                        "sse_algorithm": "AES256"
                      }
                    ],
                    "bucket_key_enabled": false
                  }
                ]
              }
            ],
            "tags": null,
            "tags_all": {},
            "timeouts": null,
            "versioning": [
              {
                "enabled": false,
                "mfa_delete": false
              }
            ],
            "website": [],
            "website_domain": null,
            "website_endpoint": null
          },
          "sensitive_attributes": [],
          "private": "eyJlMmJmYjczMC1lY2FhLTExZTYtOGY4OC0zNDM2M2JjN2M0YzAiOnsiY3JlYXRlIjoxMjAwMDAwMDAwMDAwLCJkZWxldGUiOjM2MDAwMDAwMDAwMDAsInJlYWQiOjEyMDAwMDAwMDAwMDAsInVwZGF0ZSI6MTIwMDAwMDAwMDAwMH19"
        }
      ]
    }
  ],
  "check_results": null
}
